
Microsoft Visual Studio Solution File, Format Version 10.00
# Visual Studio 2008
Project("{FAE04EC0-301F-11D3-BF4B-00C04F79EFBC}") = "ULKSample", "ULKSample\ULKSample.csproj", "{6F86434E-5082-44F9-857A-D466E63CF88B}"
EndProject
Project("{FAE04EC0-301F-11D3-BF4B-00C04F79EFBC}") = "UnnLearningKitLibrary", "UnnLearningKitLibrary\UnnLearningKitLibrary.csproj", "{2CA32CE2-4625-4400-A70D-538082E35FAF}"
EndProject
Project("{FAE04EC0-301F-11D3-BF4B-00C04F79EFBC}") = "UnnLearningKit", "UnnLearningKit\UnnLearningKit.csproj", "{2E3FA173-E407-4786-ABBC-57EDB848215E}"
EndProject
Global
	GlobalSection(SolutionConfigurationPlatforms) = preSolution
		Debug|Any CPU = Debug|Any CPU
		Release|Any CPU = Release|Any CPU
	EndGlobalSection
	GlobalSection(ProjectConfigurationPlatforms) = postSolution
		{6F86434E-5082-44F9-857A-D466E63CF88B}.Debug|Any CPU.ActiveCfg = Debug|Any CPU
		{6F86434E-5082-44F9-857A-D466E63CF88B}.Debug|Any CPU.Build.0 = Debug|Any CPU
		{6F86434E-5082-44F9-857A-D466E63CF88B}.Release|Any CPU.ActiveCfg = Release|Any CPU
		{6F86434E-5082-44F9-857A-D466E63CF88B}.Release|Any CPU.Build.0 = Release|Any CPU
		{2CA32CE2-4625-4400-A70D-538082E35FAF}.Debug|Any CPU.ActiveCfg = Debug|Any CPU
		{2CA32CE2-4625-4400-A70D-538082E35FAF}.Debug|Any CPU.Build.0 = Debug|Any CPU
		{2CA32CE2-4625-4400-A70D-538082E35FAF}.Release|Any CPU.ActiveCfg = Release|Any CPU
		{2CA32CE2-4625-4400-A70D-538082E35FAF}.Release|Any CPU.Build.0 = Release|Any CPU
		{2E3FA173-E407-4786-ABBC-57EDB848215E}.Debug|Any CPU.ActiveCfg = Debug|Any CPU
		{2E3FA173-E407-4786-ABBC-57EDB848215E}.Debug|Any CPU.Build.0 = Debug|Any CPU
		{2E3FA173-E407-4786-ABBC-57EDB848215E}.Release|Any CPU.ActiveCfg = Release|Any CPU
		{2E3FA173-E407-4786-ABBC-57EDB848215E}.Release|Any CPU.Build.0 = Release|Any CPU
	EndGlobalSection
	GlobalSection(SolutionProperties) = preSolution
		HideSolutionNode = FALSE
	EndGlobalSection
EndGlobal
