
Microsoft Visual Studio Solution File, Format Version 11.00
# Visual Studio 2010
Project("{E24C65DC-7377-472B-9ABA-BC803B73C61A}") = "WebPlayer", ".", "{AC1B115D-8DF3-431A-BB4A-3A0945E98606}"
	ProjectSection(WebsiteProperties) = preProject
		TargetFrameworkMoniker = ".NETFramework,Version%3Dv4.0"
		Debug.AspNetCompiler.VirtualPath = "/WebPlayer"
		Debug.AspNetCompiler.PhysicalPath = "..\WebPlayer\"
		Debug.AspNetCompiler.TargetPath = "..\PrecompiledWeb\WebPlayer\"
		Debug.AspNetCompiler.Updateable = "true"
		Debug.AspNetCompiler.ForceOverwrite = "true"
		Debug.AspNetCompiler.FixedNames = "false"
		Debug.AspNetCompiler.Debug = "True"
		Release.AspNetCompiler.VirtualPath = "/WebPlayer"
		Release.AspNetCompiler.PhysicalPath = "..\WebPlayer\"
		Release.AspNetCompiler.TargetPath = "..\PrecompiledWeb\WebPlayer\"
		Release.AspNetCompiler.Updateable = "true"
		Release.AspNetCompiler.ForceOverwrite = "true"
		Release.AspNetCompiler.FixedNames = "false"
		Release.AspNetCompiler.Debug = "False"
		VWDPort = "1061"
	EndProjectSection
EndProject
Global
	GlobalSection(SolutionConfigurationPlatforms) = preSolution
		Debug|.NET = Debug|.NET
	EndGlobalSection
	GlobalSection(ProjectConfigurationPlatforms) = postSolution
		{AC1B115D-8DF3-431A-BB4A-3A0945E98606}.Debug|.NET.ActiveCfg = Debug|.NET
		{AC1B115D-8DF3-431A-BB4A-3A0945E98606}.Debug|.NET.Build.0 = Debug|.NET
	EndGlobalSection
	GlobalSection(SolutionProperties) = preSolution
		HideSolutionNode = FALSE
	EndGlobalSection
EndGlobal
